
Microsoft Visual Studio Solution File, Format Version 12.00
# Visual Studio Version 16
VisualStudioVersion = 16.0.32106.194
MinimumVisualStudioVersion = 10.0.40219.1
Project("{2150E333-8FDC-42A3-9474-1A3956D46DE8}") = "src", "src", "{0985E909-3BCB-4E19-9F1B-83A60DCAF345}"
EndProject
Project("{2150E333-8FDC-42A3-9474-1A3956D46DE8}") = "Building Blocks", "Building Blocks", "{D3E2BC6C-2651-49C3-B3A1-53281C9ACE9C}"
EndProject
Project("{2150E333-8FDC-42A3-9474-1A3956D46DE8}") = "Services", "Services", "{AB6FB264-1139-4A12-A566-4D4AFE12ED83}"
EndProject
Project("{2150E333-8FDC-42A3-9474-1A3956D46DE8}") = "Web", "Web", "{6F66676F-5031-41A4-BFE0-FC048536D6E0}"
EndProject
Project("{2150E333-8FDC-42A3-9474-1A3956D46DE8}") = "Identidade", "Identidade", "{18CBDB32-7CC3-4369-8685-580CE7D962D6}"
EndProject
Project("{9A19103F-16F7-4668-BE54-9A1E7A4F7556}") = "NSE.Identidade.API", "src\services\NSE.Identidade.API\NSE.Identidade.API.csproj", "{B892BACD-11B0-4CE6-BE59-090D895D489B}"
EndProject
Project("{2150E333-8FDC-42A3-9474-1A3956D46DE8}") = "MVC", "MVC", "{A2C27B5B-4E07-44D7-BE55-44A998C9BD75}"
EndProject
Project("{9A19103F-16F7-4668-BE54-9A1E7A4F7556}") = "NSE.WebApp.MVC", "src\web\NSE.WebApp.MVC\NSE.WebApp.MVC.csproj", "{4C17908A-0A4E-46C9-B3BF-ACDAB9FD9F60}"
EndProject
Project("{2150E333-8FDC-42A3-9474-1A3956D46DE8}") = "Core", "Core", "{0A1F2EA6-3E99-4BF5-ADB3-64DE965DA37D}"
EndProject
Project("{9A19103F-16F7-4668-BE54-9A1E7A4F7556}") = "NSE.Core", "src\building blocks\NSE.Core\NSE.Core.csproj", "{7FDBCC82-C5F9-4BF3-8E62-AE955B8C7D82}"
EndProject
Project("{2150E333-8FDC-42A3-9474-1A3956D46DE8}") = "Catalogo", "Catalogo", "{7D7F2292-029B-42FA-AADA-BAEC5E02D594}"
EndProject
Project("{2150E333-8FDC-42A3-9474-1A3956D46DE8}") = "Carrinho", "Carrinho", "{E7022F32-1A8E-4C1D-BE37-791396313E88}"
EndProject
Project("{2150E333-8FDC-42A3-9474-1A3956D46DE8}") = "Cliente", "Cliente", "{670D7EC2-D9F1-47F3-B678-6FBE5C222E82}"
EndProject
Project("{2150E333-8FDC-42A3-9474-1A3956D46DE8}") = "Pagamento", "Pagamento", "{62E28C3F-68C8-4BCA-B4FA-540B120660CC}"
EndProject
Project("{2150E333-8FDC-42A3-9474-1A3956D46DE8}") = "Pedido", "Pedido", "{176F135D-DC1F-4691-9617-E2708173C743}"
EndProject
Project("{9A19103F-16F7-4668-BE54-9A1E7A4F7556}") = "NSE.Carrinho.API", "src\services\NSE.Carrinho.API\NSE.Carrinho.API.csproj", "{6800B45B-A060-482D-A423-B6F17289D5FE}"
EndProject
Project("{9A19103F-16F7-4668-BE54-9A1E7A4F7556}") = "NSE.Catalogo.API", "src\services\NSE.Catalogo.API\NSE.Catalogo.API.csproj", "{5041D50C-DDFF-47F2-851C-0EFF48CF3DCF}"
EndProject
Project("{2150E333-8FDC-42A3-9474-1A3956D46DE8}") = "Services", "Services", "{373274EA-82A5-40EB-8634-0CE8C4062E35}"
EndProject
Project("{2150E333-8FDC-42A3-9474-1A3956D46DE8}") = "MessageBus", "MessageBus", "{59E285EE-DD45-4FD5-96A8-0E16DFA85AE2}"
EndProject
Project("{9A19103F-16F7-4668-BE54-9A1E7A4F7556}") = "NSE.MessageBus", "src\building blocks\NSE.MessageBus\NSE.MessageBus.csproj", "{D2AE0A78-B5E9-442A-A6A6-2294DB6F7B0C}"
EndProject
Project("{2150E333-8FDC-42A3-9474-1A3956D46DE8}") = "ApiGateways", "ApiGateways", "{BBBBD2A3-B71B-4C99-A732-FE9D83956E07}"
EndProject
Project("{2150E333-8FDC-42A3-9474-1A3956D46DE8}") = "Compras", "Compras", "{E40AA1BA-91EB-4E99-A5BF-7DFDA736ECEF}"
EndProject
Project("{9A19103F-16F7-4668-BE54-9A1E7A4F7556}") = "NSE.Pedidos.Infra", "src\services\NSE.Pedidos.Infra\NSE.Pedidos.Infra.csproj", "{7AD8608A-7C09-4E0E-A552-38D9E489F3A5}"
EndProject
Project("{9A19103F-16F7-4668-BE54-9A1E7A4F7556}") = "NSE.Pedidos.API", "src\services\NSE.Pedidos.API\NSE.Pedidos.API.csproj", "{1A23013F-3E7E-4304-8649-33F8B8E760F0}"
EndProject
Project("{9A19103F-16F7-4668-BE54-9A1E7A4F7556}") = "NSE.Bff.Compras", "src\api gateways\NSE.Bff.Compras\NSE.Bff.Compras.csproj", "{4F3C582E-1C46-4094-BE1F-2D645D3EBFB7}"
EndProject
Project("{9A19103F-16F7-4668-BE54-9A1E7A4F7556}") = "NSE.WebAPI.Core", "src\building blocks\NSE.WebAPI.Core\NSE.WebAPI.Core.csproj", "{3CEF8023-5904-4AC8-8EC6-E2C336C2178A}"
EndProject
Project("{9A19103F-16F7-4668-BE54-9A1E7A4F7556}") = "NSE.Clientes.API", "src\services\NSE.Clientes.API\NSE.Clientes.API.csproj", "{A7923C38-35FD-47B5-A05E-9588CAF0A128}"
EndProject
Project("{9A19103F-16F7-4668-BE54-9A1E7A4F7556}") = "NSE.Pagamentos.NerdsPag", "src\services\NSE.Pagamentos.NerdsPag\NSE.Pagamentos.NerdsPag.csproj", "{9DB24826-C5B9-4C05-A593-7864B4DAC98E}"
EndProject
Project("{9A19103F-16F7-4668-BE54-9A1E7A4F7556}") = "NSE.Pagamentos.API", "src\services\NSE.Pagamentos.API\NSE.Pagamentos.API.csproj", "{4DCAAE25-54E6-4E83-A1DB-BC657C7BAC3A}"
EndProject
Project("{9A19103F-16F7-4668-BE54-9A1E7A4F7556}") = "NSE.Pedidos.Domain", "src\services\NSE.Pedidos.Domain\NSE.Pedidos.Domain.csproj", "{A8FD95A0-77A9-494C-BAF3-2CC233AD4F7E}"
EndProject
Global
	GlobalSection(SolutionConfigurationPlatforms) = preSolution
		Debug|Any CPU = Debug|Any CPU
		Release|Any CPU = Release|Any CPU
	EndGlobalSection
	GlobalSection(ProjectConfigurationPlatforms) = postSolution
		{B892BACD-11B0-4CE6-BE59-090D895D489B}.Debug|Any CPU.ActiveCfg = Debug|Any CPU
		{B892BACD-11B0-4CE6-BE59-090D895D489B}.Debug|Any CPU.Build.0 = Debug|Any CPU
		{B892BACD-11B0-4CE6-BE59-090D895D489B}.Release|Any CPU.ActiveCfg = Release|Any CPU
		{B892BACD-11B0-4CE6-BE59-090D895D489B}.Release|Any CPU.Build.0 = Release|Any CPU
		{4C17908A-0A4E-46C9-B3BF-ACDAB9FD9F60}.Debug|Any CPU.ActiveCfg = Debug|Any CPU
		{4C17908A-0A4E-46C9-B3BF-ACDAB9FD9F60}.Debug|Any CPU.Build.0 = Debug|Any CPU
		{4C17908A-0A4E-46C9-B3BF-ACDAB9FD9F60}.Release|Any CPU.ActiveCfg = Release|Any CPU
		{4C17908A-0A4E-46C9-B3BF-ACDAB9FD9F60}.Release|Any CPU.Build.0 = Release|Any CPU
		{7FDBCC82-C5F9-4BF3-8E62-AE955B8C7D82}.Debug|Any CPU.ActiveCfg = Debug|Any CPU
		{7FDBCC82-C5F9-4BF3-8E62-AE955B8C7D82}.Debug|Any CPU.Build.0 = Debug|Any CPU
		{7FDBCC82-C5F9-4BF3-8E62-AE955B8C7D82}.Release|Any CPU.ActiveCfg = Release|Any CPU
		{7FDBCC82-C5F9-4BF3-8E62-AE955B8C7D82}.Release|Any CPU.Build.0 = Release|Any CPU
		{6800B45B-A060-482D-A423-B6F17289D5FE}.Debug|Any CPU.ActiveCfg = Debug|Any CPU
		{6800B45B-A060-482D-A423-B6F17289D5FE}.Debug|Any CPU.Build.0 = Debug|Any CPU
		{6800B45B-A060-482D-A423-B6F17289D5FE}.Release|Any CPU.ActiveCfg = Release|Any CPU
		{6800B45B-A060-482D-A423-B6F17289D5FE}.Release|Any CPU.Build.0 = Release|Any CPU
		{5041D50C-DDFF-47F2-851C-0EFF48CF3DCF}.Debug|Any CPU.ActiveCfg = Debug|Any CPU
		{5041D50C-DDFF-47F2-851C-0EFF48CF3DCF}.Debug|Any CPU.Build.0 = Debug|Any CPU
		{5041D50C-DDFF-47F2-851C-0EFF48CF3DCF}.Release|Any CPU.ActiveCfg = Release|Any CPU
		{5041D50C-DDFF-47F2-851C-0EFF48CF3DCF}.Release|Any CPU.Build.0 = Release|Any CPU
		{D2AE0A78-B5E9-442A-A6A6-2294DB6F7B0C}.Debug|Any CPU.ActiveCfg = Debug|Any CPU
		{D2AE0A78-B5E9-442A-A6A6-2294DB6F7B0C}.Debug|Any CPU.Build.0 = Debug|Any CPU
		{D2AE0A78-B5E9-442A-A6A6-2294DB6F7B0C}.Release|Any CPU.ActiveCfg = Release|Any CPU
		{D2AE0A78-B5E9-442A-A6A6-2294DB6F7B0C}.Release|Any CPU.Build.0 = Release|Any CPU
		{7AD8608A-7C09-4E0E-A552-38D9E489F3A5}.Debug|Any CPU.ActiveCfg = Debug|Any CPU
		{7AD8608A-7C09-4E0E-A552-38D9E489F3A5}.Debug|Any CPU.Build.0 = Debug|Any CPU
		{7AD8608A-7C09-4E0E-A552-38D9E489F3A5}.Release|Any CPU.ActiveCfg = Release|Any CPU
		{7AD8608A-7C09-4E0E-A552-38D9E489F3A5}.Release|Any CPU.Build.0 = Release|Any CPU
		{1A23013F-3E7E-4304-8649-33F8B8E760F0}.Debug|Any CPU.ActiveCfg = Debug|Any CPU
		{1A23013F-3E7E-4304-8649-33F8B8E760F0}.Debug|Any CPU.Build.0 = Debug|Any CPU
		{1A23013F-3E7E-4304-8649-33F8B8E760F0}.Release|Any CPU.ActiveCfg = Release|Any CPU
		{1A23013F-3E7E-4304-8649-33F8B8E760F0}.Release|Any CPU.Build.0 = Release|Any CPU
		{4F3C582E-1C46-4094-BE1F-2D645D3EBFB7}.Debug|Any CPU.ActiveCfg = Debug|Any CPU
		{4F3C582E-1C46-4094-BE1F-2D645D3EBFB7}.Debug|Any CPU.Build.0 = Debug|Any CPU
		{4F3C582E-1C46-4094-BE1F-2D645D3EBFB7}.Release|Any CPU.ActiveCfg = Release|Any CPU
		{4F3C582E-1C46-4094-BE1F-2D645D3EBFB7}.Release|Any CPU.Build.0 = Release|Any CPU
		{3CEF8023-5904-4AC8-8EC6-E2C336C2178A}.Debug|Any CPU.ActiveCfg = Debug|Any CPU
		{3CEF8023-5904-4AC8-8EC6-E2C336C2178A}.Debug|Any CPU.Build.0 = Debug|Any CPU
		{3CEF8023-5904-4AC8-8EC6-E2C336C2178A}.Release|Any CPU.ActiveCfg = Release|Any CPU
		{3CEF8023-5904-4AC8-8EC6-E2C336C2178A}.Release|Any CPU.Build.0 = Release|Any CPU
		{A7923C38-35FD-47B5-A05E-9588CAF0A128}.Debug|Any CPU.ActiveCfg = Debug|Any CPU
		{A7923C38-35FD-47B5-A05E-9588CAF0A128}.Debug|Any CPU.Build.0 = Debug|Any CPU
		{A7923C38-35FD-47B5-A05E-9588CAF0A128}.Release|Any CPU.ActiveCfg = Release|Any CPU
		{A7923C38-35FD-47B5-A05E-9588CAF0A128}.Release|Any CPU.Build.0 = Release|Any CPU
		{9DB24826-C5B9-4C05-A593-7864B4DAC98E}.Debug|Any CPU.ActiveCfg = Debug|Any CPU
		{9DB24826-C5B9-4C05-A593-7864B4DAC98E}.Debug|Any CPU.Build.0 = Debug|Any CPU
		{9DB24826-C5B9-4C05-A593-7864B4DAC98E}.Release|Any CPU.ActiveCfg = Release|Any CPU
		{9DB24826-C5B9-4C05-A593-7864B4DAC98E}.Release|Any CPU.Build.0 = Release|Any CPU
		{4DCAAE25-54E6-4E83-A1DB-BC657C7BAC3A}.Debug|Any CPU.ActiveCfg = Debug|Any CPU
		{4DCAAE25-54E6-4E83-A1DB-BC657C7BAC3A}.Debug|Any CPU.Build.0 = Debug|Any CPU
		{4DCAAE25-54E6-4E83-A1DB-BC657C7BAC3A}.Release|Any CPU.ActiveCfg = Release|Any CPU
		{4DCAAE25-54E6-4E83-A1DB-BC657C7BAC3A}.Release|Any CPU.Build.0 = Release|Any CPU
		{A8FD95A0-77A9-494C-BAF3-2CC233AD4F7E}.Debug|Any CPU.ActiveCfg = Debug|Any CPU
		{A8FD95A0-77A9-494C-BAF3-2CC233AD4F7E}.Debug|Any CPU.Build.0 = Debug|Any CPU
		{A8FD95A0-77A9-494C-BAF3-2CC233AD4F7E}.Release|Any CPU.ActiveCfg = Release|Any CPU
		{A8FD95A0-77A9-494C-BAF3-2CC233AD4F7E}.Release|Any CPU.Build.0 = Release|Any CPU
	EndGlobalSection
	GlobalSection(SolutionProperties) = preSolution
		HideSolutionNode = FALSE
	EndGlobalSection
	GlobalSection(NestedProjects) = preSolution
		{D3E2BC6C-2651-49C3-B3A1-53281C9ACE9C} = {0985E909-3BCB-4E19-9F1B-83A60DCAF345}
		{AB6FB264-1139-4A12-A566-4D4AFE12ED83} = {0985E909-3BCB-4E19-9F1B-83A60DCAF345}
		{6F66676F-5031-41A4-BFE0-FC048536D6E0} = {0985E909-3BCB-4E19-9F1B-83A60DCAF345}
		{18CBDB32-7CC3-4369-8685-580CE7D962D6} = {AB6FB264-1139-4A12-A566-4D4AFE12ED83}
		{B892BACD-11B0-4CE6-BE59-090D895D489B} = {18CBDB32-7CC3-4369-8685-580CE7D962D6}
		{A2C27B5B-4E07-44D7-BE55-44A998C9BD75} = {6F66676F-5031-41A4-BFE0-FC048536D6E0}
		{4C17908A-0A4E-46C9-B3BF-ACDAB9FD9F60} = {A2C27B5B-4E07-44D7-BE55-44A998C9BD75}
		{0A1F2EA6-3E99-4BF5-ADB3-64DE965DA37D} = {D3E2BC6C-2651-49C3-B3A1-53281C9ACE9C}
		{7FDBCC82-C5F9-4BF3-8E62-AE955B8C7D82} = {0A1F2EA6-3E99-4BF5-ADB3-64DE965DA37D}
		{7D7F2292-029B-42FA-AADA-BAEC5E02D594} = {AB6FB264-1139-4A12-A566-4D4AFE12ED83}
		{E7022F32-1A8E-4C1D-BE37-791396313E88} = {AB6FB264-1139-4A12-A566-4D4AFE12ED83}
		{670D7EC2-D9F1-47F3-B678-6FBE5C222E82} = {AB6FB264-1139-4A12-A566-4D4AFE12ED83}
		{62E28C3F-68C8-4BCA-B4FA-540B120660CC} = {AB6FB264-1139-4A12-A566-4D4AFE12ED83}
		{176F135D-DC1F-4691-9617-E2708173C743} = {AB6FB264-1139-4A12-A566-4D4AFE12ED83}
		{6800B45B-A060-482D-A423-B6F17289D5FE} = {E7022F32-1A8E-4C1D-BE37-791396313E88}
		{5041D50C-DDFF-47F2-851C-0EFF48CF3DCF} = {7D7F2292-029B-42FA-AADA-BAEC5E02D594}
		{373274EA-82A5-40EB-8634-0CE8C4062E35} = {D3E2BC6C-2651-49C3-B3A1-53281C9ACE9C}
		{59E285EE-DD45-4FD5-96A8-0E16DFA85AE2} = {D3E2BC6C-2651-49C3-B3A1-53281C9ACE9C}
		{D2AE0A78-B5E9-442A-A6A6-2294DB6F7B0C} = {59E285EE-DD45-4FD5-96A8-0E16DFA85AE2}
		{BBBBD2A3-B71B-4C99-A732-FE9D83956E07} = {0985E909-3BCB-4E19-9F1B-83A60DCAF345}
		{E40AA1BA-91EB-4E99-A5BF-7DFDA736ECEF} = {BBBBD2A3-B71B-4C99-A732-FE9D83956E07}
		{7AD8608A-7C09-4E0E-A552-38D9E489F3A5} = {176F135D-DC1F-4691-9617-E2708173C743}
		{1A23013F-3E7E-4304-8649-33F8B8E760F0} = {176F135D-DC1F-4691-9617-E2708173C743}
		{4F3C582E-1C46-4094-BE1F-2D645D3EBFB7} = {E40AA1BA-91EB-4E99-A5BF-7DFDA736ECEF}
		{3CEF8023-5904-4AC8-8EC6-E2C336C2178A} = {373274EA-82A5-40EB-8634-0CE8C4062E35}
		{A7923C38-35FD-47B5-A05E-9588CAF0A128} = {670D7EC2-D9F1-47F3-B678-6FBE5C222E82}
		{9DB24826-C5B9-4C05-A593-7864B4DAC98E} = {62E28C3F-68C8-4BCA-B4FA-540B120660CC}
		{4DCAAE25-54E6-4E83-A1DB-BC657C7BAC3A} = {62E28C3F-68C8-4BCA-B4FA-540B120660CC}
		{A8FD95A0-77A9-494C-BAF3-2CC233AD4F7E} = {176F135D-DC1F-4691-9617-E2708173C743}
	EndGlobalSection
	GlobalSection(ExtensibilityGlobals) = postSolution
		SolutionGuid = {98C502D6-E594-4E0C-B4E9-2C2E0C8570AA}
	EndGlobalSection
EndGlobal
